// !$*UTF8*$!
{
	archiveVersion = 1;
	classes = {
	};
	objectVersion = 56;
	objects = {

/* Begin PBXBuildFile section */
		208CF9EA2C9B58DE0006ED76 /* Actor.swift in Sources */ = {isa = PBXBuildFile; fileRef = 208CF9E92C9B58DD0006ED76 /* Actor.swift */; };
		20A5E4F12C9A698D0058F0C3 /* evan_bench.jpg in Resources */ = {isa = PBXBuildFile; fileRef = 20A5E4F02C9A698C0058F0C3 /* evan_bench.jpg */; };
		20AC136E2C9A352A00A9D65E /* ProtestGuerrilla-Regular.ttf in Resources */ = {isa = PBXBuildFile; fileRef = 20AC136D2C9A352A00A9D65E /* ProtestGuerrilla-Regular.ttf */; };
		20BBDFD42CA08D2900F81087 /* Response.swift in Sources */ = {isa = PBXBuildFile; fileRef = 20BBDFD32CA08D2900F81087 /* Response.swift */; };
		420B6DAB2C937F780094A221 /* AppDelegate.swift in Sources */ = {isa = PBXBuildFile; fileRef = 420B6DAA2C937F780094A221 /* AppDelegate.swift */; };
		420B6DAD2C937F780094A221 /* SceneDelegate.swift in Sources */ = {isa = PBXBuildFile; fileRef = 420B6DAC2C937F780094A221 /* SceneDelegate.swift */; };
		420B6DAF2C937F780094A221 /* ViewController.swift in Sources */ = {isa = PBXBuildFile; fileRef = 420B6DAE2C937F780094A221 /* ViewController.swift */; };
		420B6DB22C937F780094A221 /* Base in Resources */ = {isa = PBXBuildFile; fileRef = 420B6DB12C937F780094A221 /* Base */; };
		420B6DB42C937F790094A221 /* Assets.xcassets in Resources */ = {isa = PBXBuildFile; fileRef = 420B6DB32C937F790094A221 /* Assets.xcassets */; };
		420B6DB72C937F790094A221 /* Base in Resources */ = {isa = PBXBuildFile; fileRef = 420B6DB62C937F790094A221 /* Base */; };
		420B6DC22C937F7A0094A221 /* Assignment1Tests.swift in Sources */ = {isa = PBXBuildFile; fileRef = 420B6DC12C937F7A0094A221 /* Assignment1Tests.swift */; };
		420B6DCC2C937F7A0094A221 /* Assignment1UITests.swift in Sources */ = {isa = PBXBuildFile; fileRef = 420B6DCB2C937F7A0094A221 /* Assignment1UITests.swift */; };
		420B6DCE2C937F7A0094A221 /* Assignment1UITestsLaunchTests.swift in Sources */ = {isa = PBXBuildFile; fileRef = 420B6DCD2C937F7A0094A221 /* Assignment1UITestsLaunchTests.swift */; };
		420B6DDB2C9380330094A221 /* API.swift in Sources */ = {isa = PBXBuildFile; fileRef = 420B6DDA2C9380330094A221 /* API.swift */; };
		420B6DDD2C93844D0094A221 /* Movie.swift in Sources */ = {isa = PBXBuildFile; fileRef = 420B6DDC2C93844D0094A221 /* Movie.swift */; };
		420B6DDF2C9387480094A221 /* MovieTableViewCell.swift in Sources */ = {isa = PBXBuildFile; fileRef = 420B6DDE2C9387480094A221 /* MovieTableViewCell.swift */; };
		42F1CD492C98BA4000F04096 /* DetailsViewController.swift in Sources */ = {isa = PBXBuildFile; fileRef = 42F1CD482C98BA4000F04096 /* DetailsViewController.swift */; };
/* End PBXBuildFile section */

/* Begin PBXContainerItemProxy section */
		420B6DBE2C937F7A0094A221 /* PBXContainerItemProxy */ = {
			isa = PBXContainerItemProxy;
			containerPortal = 420B6D9F2C937F780094A221 /* Project object */;
			proxyType = 1;
			remoteGlobalIDString = 420B6DA62C937F780094A221;
			remoteInfo = Assignment1;
		};
		420B6DC82C937F7A0094A221 /* PBXContainerItemProxy */ = {
			isa = PBXContainerItemProxy;
			containerPortal = 420B6D9F2C937F780094A221 /* Project object */;
			proxyType = 1;
			remoteGlobalIDString = 420B6DA62C937F780094A221;
			remoteInfo = Assignment1;
		};
/* End PBXContainerItemProxy section */

/* Begin PBXFileReference section */
		208CF9E92C9B58DD0006ED76 /* Actor.swift */ = {isa = PBXFileReference; lastKnownFileType = sourcecode.swift; path = Actor.swift; sourceTree = "<group>"; };
		20A5E4F02C9A698C0058F0C3 /* evan_bench.jpg */ = {isa = PBXFileReference; lastKnownFileType = image.jpeg; path = evan_bench.jpg; sourceTree = "<group>"; };
		20AC136D2C9A352A00A9D65E /* ProtestGuerrilla-Regular.ttf */ = {isa = PBXFileReference; lastKnownFileType = file; path = "ProtestGuerrilla-Regular.ttf"; sourceTree = "<group>"; };
		20BBDFD32CA08D2900F81087 /* Response.swift */ = {isa = PBXFileReference; lastKnownFileType = sourcecode.swift; path = Response.swift; sourceTree = "<group>"; };
		420B6DA72C937F780094A221 /* Assignment1.app */ = {isa = PBXFileReference; explicitFileType = wrapper.application; includeInIndex = 0; path = Assignment1.app; sourceTree = BUILT_PRODUCTS_DIR; };
		420B6DAA2C937F780094A221 /* AppDelegate.swift */ = {isa = PBXFileReference; lastKnownFileType = sourcecode.swift; path = AppDelegate.swift; sourceTree = "<group>"; };
		420B6DAC2C937F780094A221 /* SceneDelegate.swift */ = {isa = PBXFileReference; lastKnownFileType = sourcecode.swift; path = SceneDelegate.swift; sourceTree = "<group>"; };
		420B6DAE2C937F780094A221 /* ViewController.swift */ = {isa = PBXFileReference; lastKnownFileType = sourcecode.swift; path = ViewController.swift; sourceTree = "<group>"; };
		420B6DB12C937F780094A221 /* Base */ = {isa = PBXFileReference; lastKnownFileType = file.storyboard; name = Base; path = Base.lproj/Main.storyboard; sourceTree = "<group>"; };
		420B6DB32C937F790094A221 /* Assets.xcassets */ = {isa = PBXFileReference; lastKnownFileType = folder.assetcatalog; path = Assets.xcassets; sourceTree = "<group>"; };
		420B6DB62C937F790094A221 /* Base */ = {isa = PBXFileReference; lastKnownFileType = file.storyboard; name = Base; path = Base.lproj/LaunchScreen.storyboard; sourceTree = "<group>"; };
		420B6DB82C937F790094A221 /* Info.plist */ = {isa = PBXFileReference; lastKnownFileType = text.plist.xml; path = Info.plist; sourceTree = "<group>"; };
		420B6DBD2C937F7A0094A221 /* Assignment1Tests.xctest */ = {isa = PBXFileReference; explicitFileType = wrapper.cfbundle; includeInIndex = 0; path = Assignment1Tests.xctest; sourceTree = BUILT_PRODUCTS_DIR; };
		420B6DC12C937F7A0094A221 /* Assignment1Tests.swift */ = {isa = PBXFileReference; lastKnownFileType = sourcecode.swift; path = Assignment1Tests.swift; sourceTree = "<group>"; };
		420B6DC72C937F7A0094A221 /* Assignment1UITests.xctest */ = {isa = PBXFileReference; explicitFileType = wrapper.cfbundle; includeInIndex = 0; path = Assignment1UITests.xctest; sourceTree = BUILT_PRODUCTS_DIR; };
		420B6DCB2C937F7A0094A221 /* Assignment1UITests.swift */ = {isa = PBXFileReference; lastKnownFileType = sourcecode.swift; path = Assignment1UITests.swift; sourceTree = "<group>"; };
		420B6DCD2C937F7A0094A221 /* Assignment1UITestsLaunchTests.swift */ = {isa = PBXFileReference; lastKnownFileType = sourcecode.swift; path = Assignment1UITestsLaunchTests.swift; sourceTree = "<group>"; };
		420B6DDA2C9380330094A221 /* API.swift */ = {isa = PBXFileReference; lastKnownFileType = sourcecode.swift; path = API.swift; sourceTree = "<group>"; };
		420B6DDC2C93844D0094A221 /* Movie.swift */ = {isa = PBXFileReference; lastKnownFileType = sourcecode.swift; path = Movie.swift; sourceTree = "<group>"; };
		420B6DDE2C9387480094A221 /* MovieTableViewCell.swift */ = {isa = PBXFileReference; lastKnownFileType = sourcecode.swift; path = MovieTableViewCell.swift; sourceTree = "<group>"; };
		42F1CD482C98BA4000F04096 /* DetailsViewController.swift */ = {isa = PBXFileReference; lastKnownFileType = sourcecode.swift; path = DetailsViewController.swift; sourceTree = "<group>"; };
/* End PBXFileReference section */

/* Begin PBXFrameworksBuildPhase section */
		420B6DA42C937F780094A221 /* Frameworks */ = {
			isa = PBXFrameworksBuildPhase;
			buildActionMask = 2147483647;
			files = (
			);
			runOnlyForDeploymentPostprocessing = 0;
		};
		420B6DBA2C937F7A0094A221 /* Frameworks */ = {
			isa = PBXFrameworksBuildPhase;
			buildActionMask = 2147483647;
			files = (
			);
			runOnlyForDeploymentPostprocessing = 0;
		};
		420B6DC42C937F7A0094A221 /* Frameworks */ = {
			isa = PBXFrameworksBuildPhase;
			buildActionMask = 2147483647;
			files = (
			);
			runOnlyForDeploymentPostprocessing = 0;
		};
/* End PBXFrameworksBuildPhase section */

/* Begin PBXGroup section */
		20AC136F2C9A354800A9D65E /* Fonts */ = {
			isa = PBXGroup;
			children = (
				20AC136D2C9A352A00A9D65E /* ProtestGuerrilla-Regular.ttf */,
			);
			path = Fonts;
			sourceTree = "<group>";
		};
		420B6D9E2C937F780094A221 = {
			isa = PBXGroup;
			children = (
				420B6DA92C937F780094A221 /* Assignment1 */,
				420B6DC02C937F7A0094A221 /* Assignment1Tests */,
				420B6DCA2C937F7A0094A221 /* Assignment1UITests */,
				420B6DA82C937F780094A221 /* Products */,
			);
			sourceTree = "<group>";
		};
		420B6DA82C937F780094A221 /* Products */ = {
			isa = PBXGroup;
			children = (
				420B6DA72C937F780094A221 /* Assignment1.app */,
				420B6DBD2C937F7A0094A221 /* Assignment1Tests.xctest */,
				420B6DC72C937F7A0094A221 /* Assignment1UITests.xctest */,
			);
			name = Products;
			sourceTree = "<group>";
		};
		420B6DA92C937F780094A221 /* Assignment1 */ = {
			isa = PBXGroup;
			children = (
				420B6DDA2C9380330094A221 /* API.swift */,
				420B6DAA2C937F780094A221 /* AppDelegate.swift */,
				420B6DAC2C937F780094A221 /* SceneDelegate.swift */,
				420B6DAE2C937F780094A221 /* ViewController.swift */,
				420B6DB02C937F780094A221 /* Main.storyboard */,
				420B6DDE2C9387480094A221 /* MovieTableViewCell.swift */,
				420B6DB32C937F790094A221 /* Assets.xcassets */,
				20A5E4F02C9A698C0058F0C3 /* evan_bench.jpg */,
				420B6DB52C937F790094A221 /* LaunchScreen.storyboard */,
				420B6DB82C937F790094A221 /* Info.plist */,
				420B6DDC2C93844D0094A221 /* Movie.swift */,
				42F1CD482C98BA4000F04096 /* DetailsViewController.swift */,
				20AC136F2C9A354800A9D65E /* Fonts */,
				208CF9E92C9B58DD0006ED76 /* Actor.swift */,
				20BBDFD32CA08D2900F81087 /* Response.swift */,
			);
			path = Assignment1;
			sourceTree = "<group>";
		};
		420B6DC02C937F7A0094A221 /* Assignment1Tests */ = {
			isa = PBXGroup;
			children = (
				420B6DC12C937F7A0094A221 /* Assignment1Tests.swift */,
			);
			path = Assignment1Tests;
			sourceTree = "<group>";
		};
		420B6DCA2C937F7A0094A221 /* Assignment1UITests */ = {
			isa = PBXGroup;
			children = (
				420B6DCB2C937F7A0094A221 /* Assignment1UITests.swift */,
				420B6DCD2C937F7A0094A221 /* Assignment1UITestsLaunchTests.swift */,
			);
			path = Assignment1UITests;
			sourceTree = "<group>";
		};
/* End PBXGroup section */

/* Begin PBXNativeTarget section */
		420B6DA62C937F780094A221 /* Assignment1 */ = {
			isa = PBXNativeTarget;
			buildConfigurationList = 420B6DD12C937F7A0094A221 /* Build configuration list for PBXNativeTarget "Assignment1" */;
			buildPhases = (
				420B6DA32C937F780094A221 /* Sources */,
				420B6DA42C937F780094A221 /* Frameworks */,
				420B6DA52C937F780094A221 /* Resources */,
			);
			buildRules = (
			);
			dependencies = (
			);
			name = Assignment1;
			productName = Assignment1;
			productReference = 420B6DA72C937F780094A221 /* Assignment1.app */;
			productType = "com.apple.product-type.application";
		};
		420B6DBC2C937F7A0094A221 /* Assignment1Tests */ = {
			isa = PBXNativeTarget;
			buildConfigurationList = 420B6DD42C937F7A0094A221 /* Build configuration list for PBXNativeTarget "Assignment1Tests" */;
			buildPhases = (
				420B6DB92C937F7A0094A221 /* Sources */,
				420B6DBA2C937F7A0094A221 /* Frameworks */,
				420B6DBB2C937F7A0094A221 /* Resources */,
			);
			buildRules = (
			);
			dependencies = (
				420B6DBF2C937F7A0094A221 /* PBXTargetDependency */,
			);
			name = Assignment1Tests;
			productName = Assignment1Tests;
			productReference = 420B6DBD2C937F7A0094A221 /* Assignment1Tests.xctest */;
			productType = "com.apple.product-type.bundle.unit-test";
		};
		420B6DC62C937F7A0094A221 /* Assignment1UITests */ = {
			isa = PBXNativeTarget;
			buildConfigurationList = 420B6DD72C937F7A0094A221 /* Build configuration list for PBXNativeTarget "Assignment1UITests" */;
			buildPhases = (
				420B6DC32C937F7A0094A221 /* Sources */,
				420B6DC42C937F7A0094A221 /* Frameworks */,
				420B6DC52C937F7A0094A221 /* Resources */,
			);
			buildRules = (
			);
			dependencies = (
				420B6DC92C937F7A0094A221 /* PBXTargetDependency */,
			);
			name = Assignment1UITests;
			productName = Assignment1UITests;
			productReference = 420B6DC72C937F7A0094A221 /* Assignment1UITests.xctest */;
			productType = "com.apple.product-type.bundle.ui-testing";
		};
/* End PBXNativeTarget section */

/* Begin PBXProject section */
		420B6D9F2C937F780094A221 /* Project object */ = {
			isa = PBXProject;
			attributes = {
				BuildIndependentTargetsInParallel = 1;
				LastSwiftUpdateCheck = 1540;
				LastUpgradeCheck = 1540;
				TargetAttributes = {
					420B6DA62C937F780094A221 = {
						CreatedOnToolsVersion = 15.4;
					};
					420B6DBC2C937F7A0094A221 = {
						CreatedOnToolsVersion = 15.4;
						TestTargetID = 420B6DA62C937F780094A221;
					};
					420B6DC62C937F7A0094A221 = {
						CreatedOnToolsVersion = 15.4;
						TestTargetID = 420B6DA62C937F780094A221;
					};
				};
			};
			buildConfigurationList = 420B6DA22C937F780094A221 /* Build configuration list for PBXProject "Assignment1" */;
			compatibilityVersion = "Xcode 14.0";
			developmentRegion = en;
			hasScannedForEncodings = 0;
			knownRegions = (
				en,
				Base,
			);
			mainGroup = 420B6D9E2C937F780094A221;
			productRefGroup = 420B6DA82C937F780094A221 /* Products */;
			projectDirPath = "";
			projectRoot = "";
			targets = (
				420B6DA62C937F780094A221 /* Assignment1 */,
				420B6DBC2C937F7A0094A221 /* Assignment1Tests */,
				420B6DC62C937F7A0094A221 /* Assignment1UITests */,
			);
		};
/* End PBXProject section */

/* Begin PBXResourcesBuildPhase section */
		420B6DA52C937F780094A221 /* Resources */ = {
			isa = PBXResourcesBuildPhase;
			buildActionMask = 2147483647;
			files = (
				20A5E4F12C9A698D0058F0C3 /* evan_bench.jpg in Resources */,
				420B6DB42C937F790094A221 /* Assets.xcassets in Resources */,
				420B6DB72C937F790094A221 /* Base in Resources */,
				420B6DB22C937F780094A221 /* Base in Resources */,
				20AC136E2C9A352A00A9D65E /* ProtestGuerrilla-Regular.ttf in Resources */,
			);
			runOnlyForDeploymentPostprocessing = 0;
		};
		420B6DBB2C937F7A0094A221 /* Resources */ = {
			isa = PBXResourcesBuildPhase;
			buildActionMask = 2147483647;
			files = (
			);
			runOnlyForDeploymentPostprocessing = 0;
		};
		420B6DC52C937F7A0094A221 /* Resources */ = {
			isa = PBXResourcesBuildPhase;
			buildActionMask = 2147483647;
			files = (
			);
			runOnlyForDeploymentPostprocessing = 0;
		};
/* End PBXResourcesBuildPhase section */

/* Begin PBXSourcesBuildPhase section */
		420B6DA32C937F780094A221 /* Sources */ = {
			isa = PBXSourcesBuildPhase;
			buildActionMask = 2147483647;
			files = (
				420B6DAF2C937F780094A221 /* ViewController.swift in Sources */,
				420B6DAB2C937F780094A221 /* AppDelegate.swift in Sources */,
				420B6DDF2C9387480094A221 /* MovieTableViewCell.swift in Sources */,
				420B6DDB2C9380330094A221 /* API.swift in Sources */,
				20BBDFD42CA08D2900F81087 /* Response.swift in Sources */,
				42F1CD492C98BA4000F04096 /* DetailsViewController.swift in Sources */,
				420B6DAD2C937F780094A221 /* SceneDelegate.swift in Sources */,
				420B6DDD2C93844D0094A221 /* Movie.swift in Sources */,
				208CF9EA2C9B58DE0006ED76 /* Actor.swift in Sources */,
			);
			runOnlyForDeploymentPostprocessing = 0;
		};
		420B6DB92C937F7A0094A221 /* Sources */ = {
			isa = PBXSourcesBuildPhase;
			buildActionMask = 2147483647;
			files = (
				420B6DC22C937F7A0094A221 /* Assignment1Tests.swift in Sources */,
			);
			runOnlyForDeploymentPostprocessing = 0;
		};
		420B6DC32C937F7A0094A221 /* Sources */ = {
			isa = PBXSourcesBuildPhase;
			buildActionMask = 2147483647;
			files = (
				420B6DCC2C937F7A0094A221 /* Assignment1UITests.swift in Sources */,
				420B6DCE2C937F7A0094A221 /* Assignment1UITestsLaunchTests.swift in Sources */,
			);
			runOnlyForDeploymentPostprocessing = 0;
		};
/* End PBXSourcesBuildPhase section */

/* Begin PBXTargetDependency section */
		420B6DBF2C937F7A0094A221 /* PBXTargetDependency */ = {
			isa = PBXTargetDependency;
			target = 420B6DA62C937F780094A221 /* Assignment1 */;
			targetProxy = 420B6DBE2C937F7A0094A221 /* PBXContainerItemProxy */;
		};
		420B6DC92C937F7A0094A221 /* PBXTargetDependency */ = {
			isa = PBXTargetDependency;
			target = 420B6DA62C937F780094A221 /* Assignment1 */;
			targetProxy = 420B6DC82C937F7A0094A221 /* PBXContainerItemProxy */;
		};
/* End PBXTargetDependency section */

/* Begin PBXVariantGroup section */
		420B6DB02C937F780094A221 /* Main.storyboard */ = {
			isa = PBXVariantGroup;
			children = (
				420B6DB12C937F780094A221 /* Base */,
			);
			name = Main.storyboard;
			sourceTree = "<group>";
		};
		420B6DB52C937F790094A221 /* LaunchScreen.storyboard */ = {
			isa = PBXVariantGroup;
			children = (
				420B6DB62C937F790094A221 /* Base */,
			);
			name = LaunchScreen.storyboard;
			sourceTree = "<group>";
		};
/* End PBXVariantGroup section */

/* Begin XCBuildConfiguration section */
		420B6DCF2C937F7A0094A221 /* Debug */ = {
			isa = XCBuildConfiguration;
			buildSettings = {
				ALWAYS_SEARCH_USER_PATHS = NO;
				ASSETCATALOG_COMPILER_GENERATE_SWIFT_ASSET_SYMBOL_EXTENSIONS = YES;
				CLANG_ANALYZER_NONNULL = YES;
				CLANG_ANALYZER_NUMBER_OBJECT_CONVERSION = YES_AGGRESSIVE;
				CLANG_CXX_LANGUAGE_STANDARD = "gnu++20";
				CLANG_ENABLE_MODULES = YES;
				CLANG_ENABLE_OBJC_ARC = YES;
				CLANG_ENABLE_OBJC_WEAK = YES;
				CLANG_WARN_BLOCK_CAPTURE_AUTORELEASING = YES;
				CLANG_WARN_BOOL_CONVERSION = YES;
				CLANG_WARN_COMMA = YES;
				CLANG_WARN_CONSTANT_CONVERSION = YES;
				CLANG_WARN_DEPRECATED_OBJC_IMPLEMENTATIONS = YES;
				CLANG_WARN_DIRECT_OBJC_ISA_USAGE = YES_ERROR;
				CLANG_WARN_DOCUMENTATION_COMMENTS = YES;
				CLANG_WARN_EMPTY_BODY = YES;
				CLANG_WARN_ENUM_CONVERSION = YES;
				CLANG_WARN_INFINITE_RECURSION = YES;
				CLANG_WARN_INT_CONVERSION = YES;
				CLANG_WARN_NON_LITERAL_NULL_CONVERSION = YES;
				CLANG_WARN_OBJC_IMPLICIT_RETAIN_SELF = YES;
				CLANG_WARN_OBJC_LITERAL_CONVERSION = YES;
				CLANG_WARN_OBJC_ROOT_CLASS = YES_ERROR;
				CLANG_WARN_QUOTED_INCLUDE_IN_FRAMEWORK_HEADER = YES;
				CLANG_WARN_RANGE_LOOP_ANALYSIS = YES;
				CLANG_WARN_STRICT_PROTOTYPES = YES;
				CLANG_WARN_SUSPICIOUS_MOVE = YES;
				CLANG_WARN_UNGUARDED_AVAILABILITY = YES_AGGRESSIVE;
				CLANG_WARN_UNREACHABLE_CODE = YES;
				CLANG_WARN__DUPLICATE_METHOD_MATCH = YES;
				COPY_PHASE_STRIP = NO;
				DEBUG_INFORMATION_FORMAT = dwarf;
				ENABLE_STRICT_OBJC_MSGSEND = YES;
				ENABLE_TESTABILITY = YES;
				ENABLE_USER_SCRIPT_SANDBOXING = YES;
				GCC_C_LANGUAGE_STANDARD = gnu17;
				GCC_DYNAMIC_NO_PIC = NO;
				GCC_NO_COMMON_BLOCKS = YES;
				GCC_OPTIMIZATION_LEVEL = 0;
				GCC_PREPROCESSOR_DEFINITIONS = (
					"DEBUG=1",
					"$(inherited)",
				);
				GCC_WARN_64_TO_32_BIT_CONVERSION = YES;
				GCC_WARN_ABOUT_RETURN_TYPE = YES_ERROR;
				GCC_WARN_UNDECLARED_SELECTOR = YES;
				GCC_WARN_UNINITIALIZED_AUTOS = YES_AGGRESSIVE;
				GCC_WARN_UNUSED_FUNCTION = YES;
				GCC_WARN_UNUSED_VARIABLE = YES;
				IPHONEOS_DEPLOYMENT_TARGET = 17.5;
				LOCALIZATION_PREFERS_STRING_CATALOGS = YES;
				MTL_ENABLE_DEBUG_INFO = INCLUDE_SOURCE;
				MTL_FAST_MATH = YES;
				ONLY_ACTIVE_ARCH = YES;
				SDKROOT = iphoneos;
				SWIFT_ACTIVE_COMPILATION_CONDITIONS = "DEBUG $(inherited)";
				SWIFT_OPTIMIZATION_LEVEL = "-Onone";
			};
			name = Debug;
		};
		420B6DD02C937F7A0094A221 /* Release */ = {
			isa = XCBuildConfiguration;
			buildSettings = {
				ALWAYS_SEARCH_USER_PATHS = NO;
				ASSETCATALOG_COMPILER_GENERATE_SWIFT_ASSET_SYMBOL_EXTENSIONS = YES;
				CLANG_ANALYZER_NONNULL = YES;
				CLANG_ANALYZER_NUMBER_OBJECT_CONVERSION = YES_AGGRESSIVE;
				CLANG_CXX_LANGUAGE_STANDARD = "gnu++20";
				CLANG_ENABLE_MODULES = YES;
				CLANG_ENABLE_OBJC_ARC = YES;
				CLANG_ENABLE_OBJC_WEAK = YES;
				CLANG_WARN_BLOCK_CAPTURE_AUTORELEASING = YES;
				CLANG_WARN_BOOL_CONVERSION = YES;
				CLANG_WARN_COMMA = YES;
				CLANG_WARN_CONSTANT_CONVERSION = YES;
				CLANG_WARN_DEPRECATED_OBJC_IMPLEMENTATIONS = YES;
				CLANG_WARN_DIRECT_OBJC_ISA_USAGE = YES_ERROR;
				CLANG_WARN_DOCUMENTATION_COMMENTS = YES;
				CLANG_WARN_EMPTY_BODY = YES;
				CLANG_WARN_ENUM_CONVERSION = YES;
				CLANG_WARN_INFINITE_RECURSION = YES;
				CLANG_WARN_INT_CONVERSION = YES;
				CLANG_WARN_NON_LITERAL_NULL_CONVERSION = YES;
				CLANG_WARN_OBJC_IMPLICIT_RETAIN_SELF = YES;
				CLANG_WARN_OBJC_LITERAL_CONVERSION = YES;
				CLANG_WARN_OBJC_ROOT_CLASS = YES_ERROR;
				CLANG_WARN_QUOTED_INCLUDE_IN_FRAMEWORK_HEADER = YES;
				CLANG_WARN_RANGE_LOOP_ANALYSIS = YES;
				CLANG_WARN_STRICT_PROTOTYPES = YES;
				CLANG_WARN_SUSPICIOUS_MOVE = YES;
				CLANG_WARN_UNGUARDED_AVAILABILITY = YES_AGGRESSIVE;
				CLANG_WARN_UNREACHABLE_CODE = YES;
				CLANG_WARN__DUPLICATE_METHOD_MATCH = YES;
				COPY_PHASE_STRIP = NO;
				DEBUG_INFORMATION_FORMAT = "dwarf-with-dsym";
				ENABLE_NS_ASSERTIONS = NO;
				ENABLE_STRICT_OBJC_MSGSEND = YES;
				ENABLE_USER_SCRIPT_SANDBOXING = YES;
				GCC_C_LANGUAGE_STANDARD = gnu17;
				GCC_NO_COMMON_BLOCKS = YES;
				GCC_WARN_64_TO_32_BIT_CONVERSION = YES;
				GCC_WARN_ABOUT_RETURN_TYPE = YES_ERROR;
				GCC_WARN_UNDECLARED_SELECTOR = YES;
				GCC_WARN_UNINITIALIZED_AUTOS = YES_AGGRESSIVE;
				GCC_WARN_UNUSED_FUNCTION = YES;
				GCC_WARN_UNUSED_VARIABLE = YES;
				IPHONEOS_DEPLOYMENT_TARGET = 17.5;
				LOCALIZATION_PREFERS_STRING_CATALOGS = YES;
				MTL_ENABLE_DEBUG_INFO = NO;
				MTL_FAST_MATH = YES;
				SDKROOT = iphoneos;
				SWIFT_COMPILATION_MODE = wholemodule;
				VALIDATE_PRODUCT = YES;
			};
			name = Release;
		};
		420B6DD22C937F7A0094A221 /* Debug */ = {
			isa = XCBuildConfiguration;
			buildSettings = {
				ASSETCATALOG_COMPILER_APPICON_NAME = AppIcon;
				ASSETCATALOG_COMPILER_GLOBAL_ACCENT_COLOR_NAME = AccentColor;
				CODE_SIGN_STYLE = Automatic;
				CURRENT_PROJECT_VERSION = 1;
				GENERATE_INFOPLIST_FILE = YES;
				INFOPLIST_FILE = Assignment1/Info.plist;
				INFOPLIST_KEY_UIApplicationSupportsIndirectInputEvents = YES;
				INFOPLIST_KEY_UILaunchStoryboardName = LaunchScreen;
				INFOPLIST_KEY_UIMainStoryboardFile = Main;
				INFOPLIST_KEY_UISupportedInterfaceOrientations_iPad = "UIInterfaceOrientationPortrait UIInterfaceOrientationPortraitUpsideDown UIInterfaceOrientationLandscapeLeft UIInterfaceOrientationLandscapeRight";
				INFOPLIST_KEY_UISupportedInterfaceOrientations_iPhone = "UIInterfaceOrientationPortrait UIInterfaceOrientationLandscapeLeft UIInterfaceOrientationLandscapeRight";
				LD_RUNPATH_SEARCH_PATHS = (
					"$(inherited)",
					"@executable_path/Frameworks",
				);
				MARKETING_VERSION = 1.0;
				PRODUCT_BUNDLE_IDENTIFIER = evanproulx.Assignment1;
				PRODUCT_NAME = "$(TARGET_NAME)";
				SWIFT_EMIT_LOC_STRINGS = YES;
				SWIFT_VERSION = 5.0;
				TARGETED_DEVICE_FAMILY = "1,2";
			};
			name = Debug;
		};
		420B6DD32C937F7A0094A221 /* Release */ = {
			isa = XCBuildConfiguration;
			buildSettings = {
				ASSETCATALOG_COMPILER_APPICON_NAME = AppIcon;
				ASSETCATALOG_COMPILER_GLOBAL_ACCENT_COLOR_NAME = AccentColor;
				CODE_SIGN_STYLE = Automatic;
				CURRENT_PROJECT_VERSION = 1;
				GENERATE_INFOPLIST_FILE = YES;
				INFOPLIST_FILE = Assignment1/Info.plist;
				INFOPLIST_KEY_UIApplicationSupportsIndirectInputEvents = YES;
				INFOPLIST_KEY_UILaunchStoryboardName = LaunchScreen;
				INFOPLIST_KEY_UIMainStoryboardFile = Main;
				INFOPLIST_KEY_UISupportedInterfaceOrientations_iPad = "UIInterfaceOrientationPortrait UIInterfaceOrientationPortraitUpsideDown UIInterfaceOrientationLandscapeLeft UIInterfaceOrientationLandscapeRight";
				INFOPLIST_KEY_UISupportedInterfaceOrientations_iPhone = "UIInterfaceOrientationPortrait UIInterfaceOrientationLandscapeLeft UIInterfaceOrientationLandscapeRight";
				LD_RUNPATH_SEARCH_PATHS = (
					"$(inherited)",
					"@executable_path/Frameworks",
				);
				MARKETING_VERSION = 1.0;
				PRODUCT_BUNDLE_IDENTIFIER = evanproulx.Assignment1;
				PRODUCT_NAME = "$(TARGET_NAME)";
				SWIFT_EMIT_LOC_STRINGS = YES;
				SWIFT_VERSION = 5.0;
				TARGETED_DEVICE_FAMILY = "1,2";
			};
			name = Release;
		};
		420B6DD52C937F7A0094A221 /* Debug */ = {
			isa = XCBuildConfiguration;
			buildSettings = {
				ALWAYS_EMBED_SWIFT_STANDARD_LIBRARIES = YES;
				BUNDLE_LOADER = "$(TEST_HOST)";
				CODE_SIGN_STYLE = Automatic;
				CURRENT_PROJECT_VERSION = 1;
				GENERATE_INFOPLIST_FILE = YES;
				IPHONEOS_DEPLOYMENT_TARGET = 17.5;
				MARKETING_VERSION = 1.0;
				PRODUCT_BUNDLE_IDENTIFIER = evanproulx.Assignment1Tests;
				PRODUCT_NAME = "$(TARGET_NAME)";
				SWIFT_EMIT_LOC_STRINGS = NO;
				SWIFT_VERSION = 5.0;
				TARGETED_DEVICE_FAMILY = "1,2";
				TEST_HOST = "$(BUILT_PRODUCTS_DIR)/Assignment1.app/$(BUNDLE_EXECUTABLE_FOLDER_PATH)/Assignment1";
			};
			name = Debug;
		};
		420B6DD62C937F7A0094A221 /* Release */ = {
			isa = XCBuildConfiguration;
			buildSettings = {
				ALWAYS_EMBED_SWIFT_STANDARD_LIBRARIES = YES;
				BUNDLE_LOADER = "$(TEST_HOST)";
				CODE_SIGN_STYLE = Automatic;
				CURRENT_PROJECT_VERSION = 1;
				GENERATE_INFOPLIST_FILE = YES;
				IPHONEOS_DEPLOYMENT_TARGET = 17.5;
				MARKETING_VERSION = 1.0;
				PRODUCT_BUNDLE_IDENTIFIER = evanproulx.Assignment1Tests;
				PRODUCT_NAME = "$(TARGET_NAME)";
				SWIFT_EMIT_LOC_STRINGS = NO;
				SWIFT_VERSION = 5.0;
				TARGETED_DEVICE_FAMILY = "1,2";
				TEST_HOST = "$(BUILT_PRODUCTS_DIR)/Assignment1.app/$(BUNDLE_EXECUTABLE_FOLDER_PATH)/Assignment1";
			};
			name = Release;
		};
		420B6DD82C937F7A0094A221 /* Debug */ = {
			isa = XCBuildConfiguration;
			buildSettings = {
				ALWAYS_EMBED_SWIFT_STANDARD_LIBRARIES = YES;
				CODE_SIGN_STYLE = Automatic;
				CURRENT_PROJECT_VERSION = 1;
				GENERATE_INFOPLIST_FILE = YES;
				MARKETING_VERSION = 1.0;
				PRODUCT_BUNDLE_IDENTIFIER = evanproulx.Assignment1UITests;
				PRODUCT_NAME = "$(TARGET_NAME)";
				SWIFT_EMIT_LOC_STRINGS = NO;
				SWIFT_VERSION = 5.0;
				TARGETED_DEVICE_FAMILY = "1,2";
				TEST_TARGET_NAME = Assignment1;
			};
			name = Debug;
		};
		420B6DD92C937F7A0094A221 /* Release */ = {
			isa = XCBuildConfiguration;
			buildSettings = {
				ALWAYS_EMBED_SWIFT_STANDARD_LIBRARIES = YES;
				CODE_SIGN_STYLE = Automatic;
				CURRENT_PROJECT_VERSION = 1;
				GENERATE_INFOPLIST_FILE = YES;
				MARKETING_VERSION = 1.0;
				PRODUCT_BUNDLE_IDENTIFIER = evanproulx.Assignment1UITests;
				PRODUCT_NAME = "$(TARGET_NAME)";
				SWIFT_EMIT_LOC_STRINGS = NO;
				SWIFT_VERSION = 5.0;
				TARGETED_DEVICE_FAMILY = "1,2";
				TEST_TARGET_NAME = Assignment1;
			};
			name = Release;
		};
/* End XCBuildConfiguration section */

/* Begin XCConfigurationList section */
		420B6DA22C937F780094A221 /* Build configuration list for PBXProject "Assignment1" */ = {
			isa = XCConfigurationList;
			buildConfigurations = (
				420B6DCF2C937F7A0094A221 /* Debug */,
				420B6DD02C937F7A0094A221 /* Release */,
			);
			defaultConfigurationIsVisible = 0;
			defaultConfigurationName = Release;
		};
		420B6DD12C937F7A0094A221 /* Build configuration list for PBXNativeTarget "Assignment1" */ = {
			isa = XCConfigurationList;
			buildConfigurations = (
				420B6DD22C937F7A0094A221 /* Debug */,
				420B6DD32C937F7A0094A221 /* Release */,
			);
			defaultConfigurationIsVisible = 0;
			defaultConfigurationName = Release;
		};
		420B6DD42C937F7A0094A221 /* Build configuration list for PBXNativeTarget "Assignment1Tests" */ = {
			isa = XCConfigurationList;
			buildConfigurations = (
				420B6DD52C937F7A0094A221 /* Debug */,
				420B6DD62C937F7A0094A221 /* Release */,
			);
			defaultConfigurationIsVisible = 0;
			defaultConfigurationName = Release;
		};
		420B6DD72C937F7A0094A221 /* Build configuration list for PBXNativeTarget "Assignment1UITests" */ = {
			isa = XCConfigurationList;
			buildConfigurations = (
				420B6DD82C937F7A0094A221 /* Debug */,
				420B6DD92C937F7A0094A221 /* Release */,
			);
			defaultConfigurationIsVisible = 0;
			defaultConfigurationName = Release;
		};
/* End XCConfigurationList section */
	};
	rootObject = 420B6D9F2C937F780094A221 /* Project object */;
}
